
Microsoft Visual Studio Solution File, Format Version 12.00
# Visual Studio 15
VisualStudioVersion = 15.0.28307.421
MinimumVisualStudioVersion = 10.0.40219.1
Project("{2150E333-8FDC-42A3-9474-1A3956D46DE8}") = "Docs", "Docs", "{5AE6BA61-CCD5-41F7-BDBE-9AED64CEC794}"
	ProjectSection(SolutionItems) = preProject
		ReadMe.md = ReadMe.md
	EndProjectSection
EndProject
Project("{2150E333-8FDC-42A3-9474-1A3956D46DE8}") = "Src", "Src", "{E429A0F8-57E5-44AF-8AFE-306FB10DE7B5}"
EndProject
Project("{2150E333-8FDC-42A3-9474-1A3956D46DE8}") = "Tests", "Tests", "{F7638506-0D8B-43C4-B3B3-A93068B4198F}"
EndProject
Project("{2150E333-8FDC-42A3-9474-1A3956D46DE8}") = "Common", "Common", "{A9B9F114-3EA7-4BEE-96E5-31753AA0A486}"
EndProject
Project("{2150E333-8FDC-42A3-9474-1A3956D46DE8}") = "Core", "Core", "{A7C590F6-FB06-4D79-B33D-32EE0C829E01}"
EndProject
Project("{2150E333-8FDC-42A3-9474-1A3956D46DE8}") = "Infrastructure", "Infrastructure", "{A259D0AF-C5C1-4879-98CD-1B377625096B}"
EndProject
Project("{2150E333-8FDC-42A3-9474-1A3956D46DE8}") = "Presentation", "Presentation", "{8AE51E0E-B9C2-4CEF-975D-09D91C56714A}"
EndProject
Project("{FAE04EC0-301F-11D3-BF4B-00C04F79EFBC}") = "JualBeli.Domain", "JualBeli.Domain\JualBeli.Domain.csproj", "{F357CC78-78AC-4450-B0F0-B7E9BA0BE4A6}"
EndProject
Project("{FAE04EC0-301F-11D3-BF4B-00C04F79EFBC}") = "JualBeli.Application", "JualBeli.Application\JualBeli.Application.csproj", "{A70CC642-97A7-45C4-9A5D-EE6A553C026A}"
EndProject
Project("{FAE04EC0-301F-11D3-BF4B-00C04F79EFBC}") = "JualBeli.Infrastructure", "JualBeli.Infrastructure\JualBeli.Infrastructure.csproj", "{E2BCF7B0-4846-4069-9032-72D50167D4D8}"
EndProject
Project("{FAE04EC0-301F-11D3-BF4B-00C04F79EFBC}") = "JualBeli.Persistence", "JualBeli.Persistence\JualBeli.Persistence.csproj", "{101361CC-9709-466C-A1A9-2CBF0AF2718E}"
EndProject
Project("{FAE04EC0-301F-11D3-BF4B-00C04F79EFBC}") = "JualBeli.WebUI", "JualBeli.WebUI\JualBeli.WebUI.csproj", "{4BFB2935-3126-43A4-9851-7335ADF02FAA}"
EndProject
Global
	GlobalSection(SolutionConfigurationPlatforms) = preSolution
		Debug|Any CPU = Debug|Any CPU
		Release|Any CPU = Release|Any CPU
	EndGlobalSection
	GlobalSection(ProjectConfigurationPlatforms) = postSolution
		{F357CC78-78AC-4450-B0F0-B7E9BA0BE4A6}.Debug|Any CPU.ActiveCfg = Debug|Any CPU
		{F357CC78-78AC-4450-B0F0-B7E9BA0BE4A6}.Debug|Any CPU.Build.0 = Debug|Any CPU
		{F357CC78-78AC-4450-B0F0-B7E9BA0BE4A6}.Release|Any CPU.ActiveCfg = Release|Any CPU
		{F357CC78-78AC-4450-B0F0-B7E9BA0BE4A6}.Release|Any CPU.Build.0 = Release|Any CPU
		{A70CC642-97A7-45C4-9A5D-EE6A553C026A}.Debug|Any CPU.ActiveCfg = Debug|Any CPU
		{A70CC642-97A7-45C4-9A5D-EE6A553C026A}.Debug|Any CPU.Build.0 = Debug|Any CPU
		{A70CC642-97A7-45C4-9A5D-EE6A553C026A}.Release|Any CPU.ActiveCfg = Release|Any CPU
		{A70CC642-97A7-45C4-9A5D-EE6A553C026A}.Release|Any CPU.Build.0 = Release|Any CPU
		{E2BCF7B0-4846-4069-9032-72D50167D4D8}.Debug|Any CPU.ActiveCfg = Debug|Any CPU
		{E2BCF7B0-4846-4069-9032-72D50167D4D8}.Debug|Any CPU.Build.0 = Debug|Any CPU
		{E2BCF7B0-4846-4069-9032-72D50167D4D8}.Release|Any CPU.ActiveCfg = Release|Any CPU
		{E2BCF7B0-4846-4069-9032-72D50167D4D8}.Release|Any CPU.Build.0 = Release|Any CPU
		{101361CC-9709-466C-A1A9-2CBF0AF2718E}.Debug|Any CPU.ActiveCfg = Debug|Any CPU
		{101361CC-9709-466C-A1A9-2CBF0AF2718E}.Debug|Any CPU.Build.0 = Debug|Any CPU
		{101361CC-9709-466C-A1A9-2CBF0AF2718E}.Release|Any CPU.ActiveCfg = Release|Any CPU
		{101361CC-9709-466C-A1A9-2CBF0AF2718E}.Release|Any CPU.Build.0 = Release|Any CPU
		{4BFB2935-3126-43A4-9851-7335ADF02FAA}.Debug|Any CPU.ActiveCfg = Debug|Any CPU
		{4BFB2935-3126-43A4-9851-7335ADF02FAA}.Debug|Any CPU.Build.0 = Debug|Any CPU
		{4BFB2935-3126-43A4-9851-7335ADF02FAA}.Release|Any CPU.ActiveCfg = Release|Any CPU
		{4BFB2935-3126-43A4-9851-7335ADF02FAA}.Release|Any CPU.Build.0 = Release|Any CPU
	EndGlobalSection
	GlobalSection(SolutionProperties) = preSolution
		HideSolutionNode = FALSE
	EndGlobalSection
	GlobalSection(NestedProjects) = preSolution
		{A9B9F114-3EA7-4BEE-96E5-31753AA0A486} = {E429A0F8-57E5-44AF-8AFE-306FB10DE7B5}
		{A7C590F6-FB06-4D79-B33D-32EE0C829E01} = {E429A0F8-57E5-44AF-8AFE-306FB10DE7B5}
		{A259D0AF-C5C1-4879-98CD-1B377625096B} = {E429A0F8-57E5-44AF-8AFE-306FB10DE7B5}
		{8AE51E0E-B9C2-4CEF-975D-09D91C56714A} = {E429A0F8-57E5-44AF-8AFE-306FB10DE7B5}
		{F357CC78-78AC-4450-B0F0-B7E9BA0BE4A6} = {A7C590F6-FB06-4D79-B33D-32EE0C829E01}
		{A70CC642-97A7-45C4-9A5D-EE6A553C026A} = {A7C590F6-FB06-4D79-B33D-32EE0C829E01}
		{E2BCF7B0-4846-4069-9032-72D50167D4D8} = {A259D0AF-C5C1-4879-98CD-1B377625096B}
		{101361CC-9709-466C-A1A9-2CBF0AF2718E} = {A259D0AF-C5C1-4879-98CD-1B377625096B}
		{4BFB2935-3126-43A4-9851-7335ADF02FAA} = {8AE51E0E-B9C2-4CEF-975D-09D91C56714A}
	EndGlobalSection
	GlobalSection(ExtensibilityGlobals) = postSolution
		SolutionGuid = {993D500A-0F63-4369-90A7-02F9C0E57812}
	EndGlobalSection
EndGlobal
